
Microsoft Visual Studio Solution File, Format Version 12.00
# Visual Studio Version 16
VisualStudioVersion = 16.0.31112.23
MinimumVisualStudioVersion = 10.0.40219.1
Project("{FAE04EC0-301F-11D3-BF4B-00C04F79EFBC}") = "69A Young Physicist", "69A Young Physicist\69A Young Physicist.csproj", "{5F0C527D-D6E4-4296-927A-72D11557B68A}"
EndProject
Global
	GlobalSection(SolutionConfigurationPlatforms) = preSolution
		Debug|Any CPU = Debug|Any CPU
		Release|Any CPU = Release|Any CPU
	EndGlobalSection
	GlobalSection(ProjectConfigurationPlatforms) = postSolution
		{5F0C527D-D6E4-4296-927A-72D11557B68A}.Debug|Any CPU.ActiveCfg = Debug|Any CPU
		{5F0C527D-D6E4-4296-927A-72D11557B68A}.Debug|Any CPU.Build.0 = Debug|Any CPU
		{5F0C527D-D6E4-4296-927A-72D11557B68A}.Release|Any CPU.ActiveCfg = Release|Any CPU
		{5F0C527D-D6E4-4296-927A-72D11557B68A}.Release|Any CPU.Build.0 = Release|Any CPU
	EndGlobalSection
	GlobalSection(SolutionProperties) = preSolution
		HideSolutionNode = FALSE
	EndGlobalSection
	GlobalSection(ExtensibilityGlobals) = postSolution
		SolutionGuid = {3087A382-1D71-4294-A74E-CAB58F8D829C}
	EndGlobalSection
EndGlobal
