
Microsoft Visual Studio Solution File, Format Version 12.00
# Visual Studio Version 16
VisualStudioVersion = 16.0.31112.23
MinimumVisualStudioVersion = 10.0.40219.1
Project("{FAE04EC0-301F-11D3-BF4B-00C04F79EFBC}") = "281A Word Capitalization", "281A Word Capitalization\281A Word Capitalization.csproj", "{E558E325-2765-4403-99A8-1523F026600B}"
EndProject
Global
	GlobalSection(SolutionConfigurationPlatforms) = preSolution
		Debug|Any CPU = Debug|Any CPU
		Release|Any CPU = Release|Any CPU
	EndGlobalSection
	GlobalSection(ProjectConfigurationPlatforms) = postSolution
		{E558E325-2765-4403-99A8-1523F026600B}.Debug|Any CPU.ActiveCfg = Debug|Any CPU
		{E558E325-2765-4403-99A8-1523F026600B}.Debug|Any CPU.Build.0 = Debug|Any CPU
		{E558E325-2765-4403-99A8-1523F026600B}.Release|Any CPU.ActiveCfg = Release|Any CPU
		{E558E325-2765-4403-99A8-1523F026600B}.Release|Any CPU.Build.0 = Release|Any CPU
	EndGlobalSection
	GlobalSection(SolutionProperties) = preSolution
		HideSolutionNode = FALSE
	EndGlobalSection
	GlobalSection(ExtensibilityGlobals) = postSolution
		SolutionGuid = {8EAE7CF3-43E6-4234-93FF-2AA1C250A624}
	EndGlobalSection
EndGlobal
