
Microsoft Visual Studio Solution File, Format Version 12.00
# Visual Studio Version 16
VisualStudioVersion = 16.0.31112.23
MinimumVisualStudioVersion = 10.0.40219.1
Project("{FAE04EC0-301F-11D3-BF4B-00C04F79EFBC}") = "785A Anton and Polyhedrons", "785A Anton and Polyhedrons\785A Anton and Polyhedrons.csproj", "{DA69BE3C-7FD1-44FD-92A8-097BD27D830D}"
EndProject
Global
	GlobalSection(SolutionConfigurationPlatforms) = preSolution
		Debug|Any CPU = Debug|Any CPU
		Release|Any CPU = Release|Any CPU
	EndGlobalSection
	GlobalSection(ProjectConfigurationPlatforms) = postSolution
		{DA69BE3C-7FD1-44FD-92A8-097BD27D830D}.Debug|Any CPU.ActiveCfg = Debug|Any CPU
		{DA69BE3C-7FD1-44FD-92A8-097BD27D830D}.Debug|Any CPU.Build.0 = Debug|Any CPU
		{DA69BE3C-7FD1-44FD-92A8-097BD27D830D}.Release|Any CPU.ActiveCfg = Release|Any CPU
		{DA69BE3C-7FD1-44FD-92A8-097BD27D830D}.Release|Any CPU.Build.0 = Release|Any CPU
	EndGlobalSection
	GlobalSection(SolutionProperties) = preSolution
		HideSolutionNode = FALSE
	EndGlobalSection
	GlobalSection(ExtensibilityGlobals) = postSolution
		SolutionGuid = {734A5217-8E86-4AFE-BA79-389A9DEF165C}
	EndGlobalSection
EndGlobal
