
Microsoft Visual Studio Solution File, Format Version 12.00
# Visual Studio Version 16
VisualStudioVersion = 16.0.31112.23
MinimumVisualStudioVersion = 10.0.40219.1
Project("{FAE04EC0-301F-11D3-BF4B-00C04F79EFBC}") = "158A Next Round", "158A Next Round\158A Next Round.csproj", "{C61583BE-170B-4D7D-BC7D-8E687CEE982D}"
EndProject
Global
	GlobalSection(SolutionConfigurationPlatforms) = preSolution
		Debug|Any CPU = Debug|Any CPU
		Release|Any CPU = Release|Any CPU
	EndGlobalSection
	GlobalSection(ProjectConfigurationPlatforms) = postSolution
		{C61583BE-170B-4D7D-BC7D-8E687CEE982D}.Debug|Any CPU.ActiveCfg = Debug|Any CPU
		{C61583BE-170B-4D7D-BC7D-8E687CEE982D}.Debug|Any CPU.Build.0 = Debug|Any CPU
		{C61583BE-170B-4D7D-BC7D-8E687CEE982D}.Release|Any CPU.ActiveCfg = Release|Any CPU
		{C61583BE-170B-4D7D-BC7D-8E687CEE982D}.Release|Any CPU.Build.0 = Release|Any CPU
	EndGlobalSection
	GlobalSection(SolutionProperties) = preSolution
		HideSolutionNode = FALSE
	EndGlobalSection
	GlobalSection(ExtensibilityGlobals) = postSolution
		SolutionGuid = {4E9ACC0A-9BA5-4F45-A45F-BF3E58BEF608}
	EndGlobalSection
EndGlobal
