
Microsoft Visual Studio Solution File, Format Version 12.00
# Visual Studio Version 16
VisualStudioVersion = 16.0.31424.327
MinimumVisualStudioVersion = 10.0.40219.1
Project("{FAE04EC0-301F-11D3-BF4B-00C04F79EFBC}") = "58A Chat room", "58A Chat room\58A Chat room.csproj", "{DE108916-A81F-465D-9011-C59B5AE1B44C}"
EndProject
Global
	GlobalSection(SolutionConfigurationPlatforms) = preSolution
		Debug|Any CPU = Debug|Any CPU
		Release|Any CPU = Release|Any CPU
	EndGlobalSection
	GlobalSection(ProjectConfigurationPlatforms) = postSolution
		{DE108916-A81F-465D-9011-C59B5AE1B44C}.Debug|Any CPU.ActiveCfg = Debug|Any CPU
		{DE108916-A81F-465D-9011-C59B5AE1B44C}.Debug|Any CPU.Build.0 = Debug|Any CPU
		{DE108916-A81F-465D-9011-C59B5AE1B44C}.Release|Any CPU.ActiveCfg = Release|Any CPU
		{DE108916-A81F-465D-9011-C59B5AE1B44C}.Release|Any CPU.Build.0 = Release|Any CPU
	EndGlobalSection
	GlobalSection(SolutionProperties) = preSolution
		HideSolutionNode = FALSE
	EndGlobalSection
	GlobalSection(ExtensibilityGlobals) = postSolution
		SolutionGuid = {88081DC6-D3DC-4C5F-841A-C15CDDD658D5}
	EndGlobalSection
EndGlobal
