
Microsoft Visual Studio Solution File, Format Version 12.00
# Visual Studio Version 16
VisualStudioVersion = 16.0.31112.23
MinimumVisualStudioVersion = 10.0.40219.1
Project("{FAE04EC0-301F-11D3-BF4B-00C04F79EFBC}") = "Theatre Square", "Theatre Square\Theatre Square.csproj", "{9AE5B72A-3D3F-42C5-8F3B-59A618484148}"
EndProject
Global
	GlobalSection(SolutionConfigurationPlatforms) = preSolution
		Debug|Any CPU = Debug|Any CPU
		Release|Any CPU = Release|Any CPU
	EndGlobalSection
	GlobalSection(ProjectConfigurationPlatforms) = postSolution
		{9AE5B72A-3D3F-42C5-8F3B-59A618484148}.Debug|Any CPU.ActiveCfg = Debug|Any CPU
		{9AE5B72A-3D3F-42C5-8F3B-59A618484148}.Debug|Any CPU.Build.0 = Debug|Any CPU
		{9AE5B72A-3D3F-42C5-8F3B-59A618484148}.Release|Any CPU.ActiveCfg = Release|Any CPU
		{9AE5B72A-3D3F-42C5-8F3B-59A618484148}.Release|Any CPU.Build.0 = Release|Any CPU
	EndGlobalSection
	GlobalSection(SolutionProperties) = preSolution
		HideSolutionNode = FALSE
	EndGlobalSection
	GlobalSection(ExtensibilityGlobals) = postSolution
		SolutionGuid = {00B8EB7D-E891-43FF-A139-275136B01514}
	EndGlobalSection
EndGlobal
