
Microsoft Visual Studio Solution File, Format Version 12.00
# Visual Studio Version 16
VisualStudioVersion = 16.0.31112.23
MinimumVisualStudioVersion = 10.0.40219.1
Project("{FAE04EC0-301F-11D3-BF4B-00C04F79EFBC}") = "486A Calculating Function", "486A Calculating Function\486A Calculating Function.csproj", "{3288C913-8F6E-4BDD-B77F-0F0B20901A49}"
EndProject
Global
	GlobalSection(SolutionConfigurationPlatforms) = preSolution
		Debug|Any CPU = Debug|Any CPU
		Release|Any CPU = Release|Any CPU
	EndGlobalSection
	GlobalSection(ProjectConfigurationPlatforms) = postSolution
		{3288C913-8F6E-4BDD-B77F-0F0B20901A49}.Debug|Any CPU.ActiveCfg = Debug|Any CPU
		{3288C913-8F6E-4BDD-B77F-0F0B20901A49}.Debug|Any CPU.Build.0 = Debug|Any CPU
		{3288C913-8F6E-4BDD-B77F-0F0B20901A49}.Release|Any CPU.ActiveCfg = Release|Any CPU
		{3288C913-8F6E-4BDD-B77F-0F0B20901A49}.Release|Any CPU.Build.0 = Release|Any CPU
	EndGlobalSection
	GlobalSection(SolutionProperties) = preSolution
		HideSolutionNode = FALSE
	EndGlobalSection
	GlobalSection(ExtensibilityGlobals) = postSolution
		SolutionGuid = {534F2120-13EA-4E9A-BE0F-A4203F3A20F0}
	EndGlobalSection
EndGlobal
