
Microsoft Visual Studio Solution File, Format Version 12.00
# Visual Studio Version 16
VisualStudioVersion = 16.0.31112.23
MinimumVisualStudioVersion = 10.0.40219.1
Project("{FAE04EC0-301F-11D3-BF4B-00C04F79EFBC}") = "1360A Minimal Square", "1360A Minimal Square\1360A Minimal Square.csproj", "{5A0258A4-C657-422C-9C85-A7BB68CC537D}"
EndProject
Global
	GlobalSection(SolutionConfigurationPlatforms) = preSolution
		Debug|Any CPU = Debug|Any CPU
		Release|Any CPU = Release|Any CPU
	EndGlobalSection
	GlobalSection(ProjectConfigurationPlatforms) = postSolution
		{5A0258A4-C657-422C-9C85-A7BB68CC537D}.Debug|Any CPU.ActiveCfg = Debug|Any CPU
		{5A0258A4-C657-422C-9C85-A7BB68CC537D}.Debug|Any CPU.Build.0 = Debug|Any CPU
		{5A0258A4-C657-422C-9C85-A7BB68CC537D}.Release|Any CPU.ActiveCfg = Release|Any CPU
		{5A0258A4-C657-422C-9C85-A7BB68CC537D}.Release|Any CPU.Build.0 = Release|Any CPU
	EndGlobalSection
	GlobalSection(SolutionProperties) = preSolution
		HideSolutionNode = FALSE
	EndGlobalSection
	GlobalSection(ExtensibilityGlobals) = postSolution
		SolutionGuid = {609D563C-A1E5-44B3-8845-4A3EEE10AEC7}
	EndGlobalSection
EndGlobal
