
Microsoft Visual Studio Solution File, Format Version 12.00
# Visual Studio Version 16
VisualStudioVersion = 16.0.31112.23
MinimumVisualStudioVersion = 10.0.40219.1
Project("{FAE04EC0-301F-11D3-BF4B-00C04F79EFBC}") = "236A Boy or Girl", "236A Boy or Girl\236A Boy or Girl.csproj", "{36D511F7-D9E6-44A7-B1AA-7D2508008D2E}"
EndProject
Global
	GlobalSection(SolutionConfigurationPlatforms) = preSolution
		Debug|Any CPU = Debug|Any CPU
		Release|Any CPU = Release|Any CPU
	EndGlobalSection
	GlobalSection(ProjectConfigurationPlatforms) = postSolution
		{36D511F7-D9E6-44A7-B1AA-7D2508008D2E}.Debug|Any CPU.ActiveCfg = Debug|Any CPU
		{36D511F7-D9E6-44A7-B1AA-7D2508008D2E}.Debug|Any CPU.Build.0 = Debug|Any CPU
		{36D511F7-D9E6-44A7-B1AA-7D2508008D2E}.Release|Any CPU.ActiveCfg = Release|Any CPU
		{36D511F7-D9E6-44A7-B1AA-7D2508008D2E}.Release|Any CPU.Build.0 = Release|Any CPU
	EndGlobalSection
	GlobalSection(SolutionProperties) = preSolution
		HideSolutionNode = FALSE
	EndGlobalSection
	GlobalSection(ExtensibilityGlobals) = postSolution
		SolutionGuid = {BB0F459D-A221-41F8-9FCB-6CF296B2F752}
	EndGlobalSection
EndGlobal
