
Microsoft Visual Studio Solution File, Format Version 12.00
# Visual Studio Version 16
VisualStudioVersion = 16.0.31112.23
MinimumVisualStudioVersion = 10.0.40219.1
Project("{FAE04EC0-301F-11D3-BF4B-00C04F79EFBC}") = "469A I Wanna Be the Guy", "469A I Wanna Be the Guy\469A I Wanna Be the Guy.csproj", "{B42D3B3B-455E-4542-8DA8-86D65D3686E3}"
EndProject
Global
	GlobalSection(SolutionConfigurationPlatforms) = preSolution
		Debug|Any CPU = Debug|Any CPU
		Release|Any CPU = Release|Any CPU
	EndGlobalSection
	GlobalSection(ProjectConfigurationPlatforms) = postSolution
		{B42D3B3B-455E-4542-8DA8-86D65D3686E3}.Debug|Any CPU.ActiveCfg = Debug|Any CPU
		{B42D3B3B-455E-4542-8DA8-86D65D3686E3}.Debug|Any CPU.Build.0 = Debug|Any CPU
		{B42D3B3B-455E-4542-8DA8-86D65D3686E3}.Release|Any CPU.ActiveCfg = Release|Any CPU
		{B42D3B3B-455E-4542-8DA8-86D65D3686E3}.Release|Any CPU.Build.0 = Release|Any CPU
	EndGlobalSection
	GlobalSection(SolutionProperties) = preSolution
		HideSolutionNode = FALSE
	EndGlobalSection
	GlobalSection(ExtensibilityGlobals) = postSolution
		SolutionGuid = {2FA925D1-4EC3-4202-B2E3-96A39170715A}
	EndGlobalSection
EndGlobal
