
Microsoft Visual Studio Solution File, Format Version 12.00
# Visual Studio Version 16
VisualStudioVersion = 16.0.31112.23
MinimumVisualStudioVersion = 10.0.40219.1
Project("{FAE04EC0-301F-11D3-BF4B-00C04F79EFBC}") = "732A Buy a Shovel", "732A Buy a Shovel\732A Buy a Shovel.csproj", "{FF536083-F8E8-41DB-8748-3BB03C6DB93D}"
EndProject
Global
	GlobalSection(SolutionConfigurationPlatforms) = preSolution
		Debug|Any CPU = Debug|Any CPU
		Release|Any CPU = Release|Any CPU
	EndGlobalSection
	GlobalSection(ProjectConfigurationPlatforms) = postSolution
		{FF536083-F8E8-41DB-8748-3BB03C6DB93D}.Debug|Any CPU.ActiveCfg = Debug|Any CPU
		{FF536083-F8E8-41DB-8748-3BB03C6DB93D}.Debug|Any CPU.Build.0 = Debug|Any CPU
		{FF536083-F8E8-41DB-8748-3BB03C6DB93D}.Release|Any CPU.ActiveCfg = Release|Any CPU
		{FF536083-F8E8-41DB-8748-3BB03C6DB93D}.Release|Any CPU.Build.0 = Release|Any CPU
	EndGlobalSection
	GlobalSection(SolutionProperties) = preSolution
		HideSolutionNode = FALSE
	EndGlobalSection
	GlobalSection(ExtensibilityGlobals) = postSolution
		SolutionGuid = {7B8A855E-7632-431E-A316-52A013D4B4AF}
	EndGlobalSection
EndGlobal
