
Microsoft Visual Studio Solution File, Format Version 12.00
# Visual Studio Version 16
VisualStudioVersion = 16.0.31112.23
MinimumVisualStudioVersion = 10.0.40219.1
Project("{FAE04EC0-301F-11D3-BF4B-00C04F79EFBC}") = "467A George and Accommodation", "467A George and Accommodation\467A George and Accommodation.csproj", "{3C09141C-E80B-4A85-BCAA-629DB1AD0A1C}"
EndProject
Global
	GlobalSection(SolutionConfigurationPlatforms) = preSolution
		Debug|Any CPU = Debug|Any CPU
		Release|Any CPU = Release|Any CPU
	EndGlobalSection
	GlobalSection(ProjectConfigurationPlatforms) = postSolution
		{3C09141C-E80B-4A85-BCAA-629DB1AD0A1C}.Debug|Any CPU.ActiveCfg = Debug|Any CPU
		{3C09141C-E80B-4A85-BCAA-629DB1AD0A1C}.Debug|Any CPU.Build.0 = Debug|Any CPU
		{3C09141C-E80B-4A85-BCAA-629DB1AD0A1C}.Release|Any CPU.ActiveCfg = Release|Any CPU
		{3C09141C-E80B-4A85-BCAA-629DB1AD0A1C}.Release|Any CPU.Build.0 = Release|Any CPU
	EndGlobalSection
	GlobalSection(SolutionProperties) = preSolution
		HideSolutionNode = FALSE
	EndGlobalSection
	GlobalSection(ExtensibilityGlobals) = postSolution
		SolutionGuid = {2C857BC9-BC0F-4A83-8751-4CA372E14BAF}
	EndGlobalSection
EndGlobal
